
Microsoft Visual Studio Solution File, Format Version 12.00
# Visual Studio Version 17
VisualStudioVersion = 17.7.34024.191
MinimumVisualStudioVersion = 10.0.40219.1
Project("{9A19103F-16F7-4668-BE54-9A1E7A4F7556}") = "Mycar.WebAPI", "Mycar.WebAPI\Mycar.WebAPI.csproj", "{075D81B0-87FE-4304-A061-2C1A811C2026}"
EndProject
Project("{9A19103F-16F7-4668-BE54-9A1E7A4F7556}") = "Mycar.Application", "Mycar.Application\Mycar.Application.csproj", "{46EB10A9-40E9-4FC3-A1E3-4816B93E38C9}"
EndProject
Project("{9A19103F-16F7-4668-BE54-9A1E7A4F7556}") = "Mycar.Domain", "Mycar.Domain\Mycar.Domain.csproj", "{99283F18-4EA0-4564-8986-5CA44A91C208}"
EndProject
Project("{9A19103F-16F7-4668-BE54-9A1E7A4F7556}") = "Mycar.Infrastructure", "Mycar.Infrastructure\Mycar.Infrastructure.csproj", "{D974F1C8-2D3B-4FF6-8365-A074E67FB3EE}"
EndProject
Project("{9A19103F-16F7-4668-BE54-9A1E7A4F7556}") = "Mycar.Tests", "Mycar.Tests\Mycar.Tests.csproj", "{BE1BD9CB-C522-40DA-ADCD-5CE3AEFF1782}"
EndProject
Project("{FAE04EC0-301F-11D3-BF4B-00C04F79EFBC}") = "Mycar.Common", "Mycar.Common\Mycar.Common.csproj", "{DC567391-9C49-4357-82F2-A07BD20E06A7}"
EndProject
Global
	GlobalSection(SolutionConfigurationPlatforms) = preSolution
		Debug|Any CPU = Debug|Any CPU
		Release|Any CPU = Release|Any CPU
	EndGlobalSection
	GlobalSection(ProjectConfigurationPlatforms) = postSolution
		{075D81B0-87FE-4304-A061-2C1A811C2026}.Debug|Any CPU.ActiveCfg = Debug|Any CPU
		{075D81B0-87FE-4304-A061-2C1A811C2026}.Debug|Any CPU.Build.0 = Debug|Any CPU
		{075D81B0-87FE-4304-A061-2C1A811C2026}.Release|Any CPU.ActiveCfg = Release|Any CPU
		{075D81B0-87FE-4304-A061-2C1A811C2026}.Release|Any CPU.Build.0 = Release|Any CPU
		{46EB10A9-40E9-4FC3-A1E3-4816B93E38C9}.Debug|Any CPU.ActiveCfg = Debug|Any CPU
		{46EB10A9-40E9-4FC3-A1E3-4816B93E38C9}.Debug|Any CPU.Build.0 = Debug|Any CPU
		{46EB10A9-40E9-4FC3-A1E3-4816B93E38C9}.Release|Any CPU.ActiveCfg = Release|Any CPU
		{46EB10A9-40E9-4FC3-A1E3-4816B93E38C9}.Release|Any CPU.Build.0 = Release|Any CPU
		{99283F18-4EA0-4564-8986-5CA44A91C208}.Debug|Any CPU.ActiveCfg = Debug|Any CPU
		{99283F18-4EA0-4564-8986-5CA44A91C208}.Debug|Any CPU.Build.0 = Debug|Any CPU
		{99283F18-4EA0-4564-8986-5CA44A91C208}.Release|Any CPU.ActiveCfg = Release|Any CPU
		{99283F18-4EA0-4564-8986-5CA44A91C208}.Release|Any CPU.Build.0 = Release|Any CPU
		{D974F1C8-2D3B-4FF6-8365-A074E67FB3EE}.Debug|Any CPU.ActiveCfg = Debug|Any CPU
		{D974F1C8-2D3B-4FF6-8365-A074E67FB3EE}.Debug|Any CPU.Build.0 = Debug|Any CPU
		{D974F1C8-2D3B-4FF6-8365-A074E67FB3EE}.Release|Any CPU.ActiveCfg = Release|Any CPU
		{D974F1C8-2D3B-4FF6-8365-A074E67FB3EE}.Release|Any CPU.Build.0 = Release|Any CPU
		{BE1BD9CB-C522-40DA-ADCD-5CE3AEFF1782}.Debug|Any CPU.ActiveCfg = Debug|Any CPU
		{BE1BD9CB-C522-40DA-ADCD-5CE3AEFF1782}.Debug|Any CPU.Build.0 = Debug|Any CPU
		{BE1BD9CB-C522-40DA-ADCD-5CE3AEFF1782}.Release|Any CPU.ActiveCfg = Release|Any CPU
		{BE1BD9CB-C522-40DA-ADCD-5CE3AEFF1782}.Release|Any CPU.Build.0 = Release|Any CPU
		{DC567391-9C49-4357-82F2-A07BD20E06A7}.Debug|Any CPU.ActiveCfg = Debug|Any CPU
		{DC567391-9C49-4357-82F2-A07BD20E06A7}.Debug|Any CPU.Build.0 = Debug|Any CPU
		{DC567391-9C49-4357-82F2-A07BD20E06A7}.Release|Any CPU.ActiveCfg = Release|Any CPU
		{DC567391-9C49-4357-82F2-A07BD20E06A7}.Release|Any CPU.Build.0 = Release|Any CPU
	EndGlobalSection
	GlobalSection(SolutionProperties) = preSolution
		HideSolutionNode = FALSE
	EndGlobalSection
	GlobalSection(ExtensibilityGlobals) = postSolution
		SolutionGuid = {98AC2DF4-FE4E-49D2-B403-0B80B906D3A3}
	EndGlobalSection
EndGlobal
